
Microsoft Visual Studio Solution File, Format Version 12.00
# Visual Studio Version 17
VisualStudioVersion = 17.4.33213.308
MinimumVisualStudioVersion = 10.0.40219.1
Project("{FAE04EC0-301F-11D3-BF4B-00C04F79EFBC}") = "CollegeApp", "CollegeApp.csproj", "{D9ABB2FC-2AF2-4911-B73D-D33FA584B35D}"
EndProject
Global
	GlobalSection(SolutionConfigurationPlatforms) = preSolution
		Debug|Any CPU = Debug|Any CPU
		Release|Any CPU = Release|Any CPU
	EndGlobalSection
	GlobalSection(ProjectConfigurationPlatforms) = postSolution
		{D9ABB2FC-2AF2-4911-B73D-D33FA584B35D}.Debug|Any CPU.ActiveCfg = Debug|Any CPU
		{D9ABB2FC-2AF2-4911-B73D-D33FA584B35D}.Debug|Any CPU.Build.0 = Debug|Any CPU
		{D9ABB2FC-2AF2-4911-B73D-D33FA584B35D}.Release|Any CPU.ActiveCfg = Release|Any CPU
		{D9ABB2FC-2AF2-4911-B73D-D33FA584B35D}.Release|Any CPU.Build.0 = Release|Any CPU
	EndGlobalSection
	GlobalSection(SolutionProperties) = preSolution
		HideSolutionNode = FALSE
	EndGlobalSection
	GlobalSection(ExtensibilityGlobals) = postSolution
		SolutionGuid = {B9B95396-F387-4C86-823C-9708A4F027B4}
	EndGlobalSection
EndGlobal
